// !$*UTF8*$!
{
	archiveVersion = 1;
	classes = {
	};
	objectVersion = 77;
	objects = {

/* Begin PBXBuildFile section */
		DE0000000000000000000031 /* HexagonKit in Frameworks */ = {isa = PBXBuildFile; productRef = DE0000000000000000000041 /* HexagonKit */; };
		DE0000000000000000000032 /* HexagonKitUI in Frameworks */ = {isa = PBXBuildFile; productRef = DE0000000000000000000042 /* HexagonKitUI */; };
/* End PBXBuildFile section */

/* Begin PBXFileReference section */
		DE0000000000000000000011 /* HexagonKitDemo.app */ = {isa = PBXFileReference; explicitFileType = wrapper.application; includeInIndex = 0; path = HexagonKitDemo.app; sourceTree = BUILT_PRODUCTS_DIR; };
/* End PBXFileReference section */

/* Begin PBXFileSystemSynchronizedRootGroup section */
		DE0000000000000000000021 /* HexagonKitDemo */ = {
			isa = PBXFileSystemSynchronizedRootGroup;
			path = HexagonKitDemo;
			sourceTree = "<group>";
		};
/* End PBXFileSystemSynchronizedRootGroup section */

/* Begin PBXFrameworksBuildPhase section */
		DE0000000000000000000052 /* Frameworks */ = {
			isa = PBXFrameworksBuildPhase;
			buildActionMask = 2147483647;
			files = (
				DE0000000000000000000031 /* HexagonKit in Frameworks */,
				DE0000000000000000000032 /* HexagonKitUI in Frameworks */,
			);
			runOnlyForDeploymentPostprocessing = 0;
		};
/* End PBXFrameworksBuildPhase section */

/* Begin PBXGroup section */
		DE0000000000000000000001 = {
			isa = PBXGroup;
			children = (
				DE0000000000000000000021 /* HexagonKitDemo */,
				DE0000000000000000000002 /* Products */,
			);
			sourceTree = "<group>";
		};
		DE0000000000000000000002 /* Products */ = {
			isa = PBXGroup;
			children = (
				DE0000000000000000000011 /* HexagonKitDemo.app */,
			);
			name = Products;
			sourceTree = "<group>";
		};
/* End PBXGroup section */

/* Begin PBXNativeTarget section */
		DE0000000000000000000061 /* HexagonKitDemo */ = {
			isa = PBXNativeTarget;
			buildConfigurationList = DE0000000000000000000082 /* Build configuration list for PBXNativeTarget "HexagonKitDemo" */;
			buildPhases = (
				DE0000000000000000000051 /* Sources */,
				DE0000000000000000000052 /* Frameworks */,
				DE0000000000000000000053 /* Resources */,
			);
			buildRules = (
			);
			dependencies = (
			);
			fileSystemSynchronizedGroups = (
				DE0000000000000000000021 /* HexagonKitDemo */,
			);
			name = HexagonKitDemo;
			packageProductDependencies = (
				DE0000000000000000000041 /* HexagonKit */,
				DE0000000000000000000042 /* HexagonKitUI */,
			);
			productName = HexagonKitDemo;
			productReference = DE0000000000000000000011 /* HexagonKitDemo.app */;
			productType = "com.apple.product-type.application";
		};
/* End PBXNativeTarget section */

/* Begin PBXProject section */
		DE0000000000000000000071 /* Project object */ = {
			isa = PBXProject;
			attributes = {
				BuildIndependentTargetsInParallel = 1;
				LastSwiftUpdateCheck = 1640;
				LastUpgradeCheck = 1640;
			};
			buildConfigurationList = DE0000000000000000000081 /* Build configuration list for PBXProject "HexagonKitDemo" */;
			developmentRegion = en;
			hasScannedForEncodings = 0;
			knownRegions = (
				en,
				Base,
			);
			mainGroup = DE0000000000000000000001;
			minimizedProjectReferenceProxies = 1;
			packageReferences = (
				DE0000000000000000000091 /* XCLocalSwiftPackageReference "../.." */,
			);
			preferredProjectObjectVersion = 77;
			productRefGroup = DE0000000000000000000002 /* Products */;
			projectDirPath = "";
			projectRoot = "";
			targets = (
				DE0000000000000000000061 /* HexagonKitDemo */,
			);
		};
/* End PBXProject section */

/* Begin PBXResourcesBuildPhase section */
		DE0000000000000000000053 /* Resources */ = {
			isa = PBXResourcesBuildPhase;
			buildActionMask = 2147483647;
			files = (
			);
			runOnlyForDeploymentPostprocessing = 0;
		};
/* End PBXResourcesBuildPhase section */

/* Begin PBXSourcesBuildPhase section */
		DE0000000000000000000051 /* Sources */ = {
			isa = PBXSourcesBuildPhase;
			buildActionMask = 2147483647;
			files = (
			);
			runOnlyForDeploymentPostprocessing = 0;
		};
/* End PBXSourcesBuildPhase section */

/* Begin XCBuildConfiguration section */
		DE0000000000000000000101 /* Debug */ = {
			isa = XCBuildConfiguration;
			buildSettings = {
				ALWAYS_SEARCH_USER_PATHS = NO;
				DEBUG_INFORMATION_FORMAT = dwarf;
				ONLY_ACTIVE_ARCH = YES;
				SWIFT_ACTIVE_COMPILATION_CONDITIONS = "DEBUG $(inherited)";
				SWIFT_OPTIMIZATION_LEVEL = "-Onone";
			};
			name = Debug;
		};
		DE0000000000000000000102 /* Release */ = {
			isa = XCBuildConfiguration;
			buildSettings = {
				ALWAYS_SEARCH_USER_PATHS = NO;
				DEBUG_INFORMATION_FORMAT = "dwarf-with-dsym";
				SWIFT_COMPILATION_MODE = wholemodule;
			};
			name = Release;
		};
		DE0000000000000000000111 /* Debug */ = {
			isa = XCBuildConfiguration;
			buildSettings = {
				CODE_SIGN_IDENTITY = "-";
				CODE_SIGN_STYLE = Manual;
				GENERATE_INFOPLIST_FILE = YES;
				INFOPLIST_KEY_UIApplicationSceneManifest_Generation = YES;
				INFOPLIST_KEY_UILaunchScreen_Generation = YES;
				INFOPLIST_KEY_UISupportedInterfaceOrientations = "UIInterfaceOrientationPortrait UIInterfaceOrientationPortraitUpsideDown UIInterfaceOrientationLandscapeLeft UIInterfaceOrientationLandscapeRight";
				IPHONEOS_DEPLOYMENT_TARGET = 17.0;
				MACOSX_DEPLOYMENT_TARGET = 14.0;
				PRODUCT_BUNDLE_IDENTIFIER = io.github.denizztret.HexagonKitDemo;
				PRODUCT_NAME = "$(TARGET_NAME)";
				SDKROOT = auto;
				SUPPORTED_PLATFORMS = "iphoneos iphonesimulator macosx";
				SUPPORTS_MACCATALYST = NO;
				SWIFT_VERSION = 6.0;
				TARGETED_DEVICE_FAMILY = "1,2";
			};
			name = Debug;
		};
		DE0000000000000000000112 /* Release */ = {
			isa = XCBuildConfiguration;
			buildSettings = {
				CODE_SIGN_IDENTITY = "-";
				CODE_SIGN_STYLE = Manual;
				GENERATE_INFOPLIST_FILE = YES;
				INFOPLIST_KEY_UIApplicationSceneManifest_Generation = YES;
				INFOPLIST_KEY_UILaunchScreen_Generation = YES;
				INFOPLIST_KEY_UISupportedInterfaceOrientations = "UIInterfaceOrientationPortrait UIInterfaceOrientationPortraitUpsideDown UIInterfaceOrientationLandscapeLeft UIInterfaceOrientationLandscapeRight";
				IPHONEOS_DEPLOYMENT_TARGET = 17.0;
				MACOSX_DEPLOYMENT_TARGET = 14.0;
				PRODUCT_BUNDLE_IDENTIFIER = io.github.denizztret.HexagonKitDemo;
				PRODUCT_NAME = "$(TARGET_NAME)";
				SDKROOT = auto;
				SUPPORTED_PLATFORMS = "iphoneos iphonesimulator macosx";
				SUPPORTS_MACCATALYST = NO;
				SWIFT_VERSION = 6.0;
				TARGETED_DEVICE_FAMILY = "1,2";
			};
			name = Release;
		};
/* End XCBuildConfiguration section */

/* Begin XCConfigurationList section */
		DE0000000000000000000081 /* Build configuration list for PBXProject "HexagonKitDemo" */ = {
			isa = XCConfigurationList;
			buildConfigurations = (
				DE0000000000000000000101 /* Debug */,
				DE0000000000000000000102 /* Release */,
			);
			defaultConfigurationIsVisible = 0;
			defaultConfigurationName = Release;
		};
		DE0000000000000000000082 /* Build configuration list for PBXNativeTarget "HexagonKitDemo" */ = {
			isa = XCConfigurationList;
			buildConfigurations = (
				DE0000000000000000000111 /* Debug */,
				DE0000000000000000000112 /* Release */,
			);
			defaultConfigurationIsVisible = 0;
			defaultConfigurationName = Release;
		};
/* End XCConfigurationList section */

/* Begin XCLocalSwiftPackageReference section */
		DE0000000000000000000091 /* XCLocalSwiftPackageReference "../.." */ = {
			isa = XCLocalSwiftPackageReference;
			relativePath = ../..;
		};
/* End XCLocalSwiftPackageReference section */

/* Begin XCSwiftPackageProductDependency section */
		DE0000000000000000000041 /* HexagonKit */ = {
			isa = XCSwiftPackageProductDependency;
			productName = HexagonKit;
		};
		DE0000000000000000000042 /* HexagonKitUI */ = {
			isa = XCSwiftPackageProductDependency;
			productName = HexagonKitUI;
		};
/* End XCSwiftPackageProductDependency section */
	};
	rootObject = DE0000000000000000000071 /* Project object */;
}
